// !$*UTF8*$!
{
	archiveVersion = 1;
	classes = {
	};
	objectVersion = 46;
	objects = {

/* Begin PBXBuildFile section */
		D1DAE7D71DF6E1A2002413CE /* AppDelegate.swift in Sources */ = {isa = PBXBuildFile; fileRef = D1DAE7D61DF6E1A2002413CE /* AppDelegate.swift */; };
		D1DAE7D91DF6E1A2002413CE /* GameScene.sks in Resources */ = {isa = PBXBuildFile; fileRef = D1DAE7D81DF6E1A2002413CE /* GameScene.sks */; };
		D1DAE7DB1DF6E1A2002413CE /* Actions.sks in Resources */ = {isa = PBXBuildFile; fileRef = D1DAE7DA1DF6E1A2002413CE /* Actions.sks */; };
		D1DAE7DD1DF6E1A2002413CE /* GameScene.swift in Sources */ = {isa = PBXBuildFile; fileRef = D1DAE7DC1DF6E1A2002413CE /* GameScene.swift */; };
		D1DAE7DF1DF6E1A2002413CE /* ViewController.swift in Sources */ = {isa = PBXBuildFile; fileRef = D1DAE7DE1DF6E1A2002413CE /* ViewController.swift */; };
		D1DAE7E11DF6E1A2002413CE /* Assets.xcassets in Resources */ = {isa = PBXBuildFile; fileRef = D1DAE7E01DF6E1A2002413CE /* Assets.xcassets */; };
		D1DAE7E41DF6E1A2002413CE /* Main.storyboard in Resources */ = {isa = PBXBuildFile; fileRef = D1DAE7E21DF6E1A2002413CE /* Main.storyboard */; };
/* End PBXBuildFile section */

/* Begin PBXFileReference section */
		D1DAE7D31DF6E1A2002413CE /* GJMDec.app */ = {isa = PBXFileReference; explicitFileType = wrapper.application; includeInIndex = 0; path = GJMDec.app; sourceTree = BUILT_PRODUCTS_DIR; };
		D1DAE7D61DF6E1A2002413CE /* AppDelegate.swift */ = {isa = PBXFileReference; lastKnownFileType = sourcecode.swift; path = AppDelegate.swift; sourceTree = "<group>"; };
		D1DAE7D81DF6E1A2002413CE /* GameScene.sks */ = {isa = PBXFileReference; lastKnownFileType = file.sks; path = GameScene.sks; sourceTree = "<group>"; };
		D1DAE7DA1DF6E1A2002413CE /* Actions.sks */ = {isa = PBXFileReference; lastKnownFileType = file.sks; path = Actions.sks; sourceTree = "<group>"; };
		D1DAE7DC1DF6E1A2002413CE /* GameScene.swift */ = {isa = PBXFileReference; lastKnownFileType = sourcecode.swift; path = GameScene.swift; sourceTree = "<group>"; };
		D1DAE7DE1DF6E1A2002413CE /* ViewController.swift */ = {isa = PBXFileReference; lastKnownFileType = sourcecode.swift; path = ViewController.swift; sourceTree = "<group>"; };
		D1DAE7E01DF6E1A2002413CE /* Assets.xcassets */ = {isa = PBXFileReference; lastKnownFileType = folder.assetcatalog; path = Assets.xcassets; sourceTree = "<group>"; };
		D1DAE7E31DF6E1A2002413CE /* Base */ = {isa = PBXFileReference; lastKnownFileType = file.storyboard; name = Base; path = Base.lproj/Main.storyboard; sourceTree = "<group>"; };
		D1DAE7E51DF6E1A2002413CE /* Info.plist */ = {isa = PBXFileReference; lastKnownFileType = text.plist.xml; path = Info.plist; sourceTree = "<group>"; };
/* End PBXFileReference section */

/* Begin PBXFrameworksBuildPhase section */
		D1DAE7D01DF6E1A2002413CE /* Frameworks */ = {
			isa = PBXFrameworksBuildPhase;
			buildActionMask = 2147483647;
			files = (
			);
			runOnlyForDeploymentPostprocessing = 0;
		};
/* End PBXFrameworksBuildPhase section */

/* Begin PBXGroup section */
		D1DAE7CA1DF6E1A2002413CE = {
			isa = PBXGroup;
			children = (
				D1DAE7D51DF6E1A2002413CE /* GJMDec */,
				D1DAE7D41DF6E1A2002413CE /* Products */,
			);
			sourceTree = "<group>";
		};
		D1DAE7D41DF6E1A2002413CE /* Products */ = {
			isa = PBXGroup;
			children = (
				D1DAE7D31DF6E1A2002413CE /* GJMDec.app */,
			);
			name = Products;
			sourceTree = "<group>";
		};
		D1DAE7D51DF6E1A2002413CE /* GJMDec */ = {
			isa = PBXGroup;
			children = (
				D1DAE7D61DF6E1A2002413CE /* AppDelegate.swift */,
				D1DAE7D81DF6E1A2002413CE /* GameScene.sks */,
				D1DAE7DA1DF6E1A2002413CE /* Actions.sks */,
				D1DAE7DC1DF6E1A2002413CE /* GameScene.swift */,
				D1DAE7DE1DF6E1A2002413CE /* ViewController.swift */,
				D1DAE7E01DF6E1A2002413CE /* Assets.xcassets */,
				D1DAE7E21DF6E1A2002413CE /* Main.storyboard */,
				D1DAE7E51DF6E1A2002413CE /* Info.plist */,
			);
			path = GJMDec;
			sourceTree = "<group>";
		};
/* End PBXGroup section */

/* Begin PBXNativeTarget section */
		D1DAE7D21DF6E1A2002413CE /* GJMDec */ = {
			isa = PBXNativeTarget;
			buildConfigurationList = D1DAE7E81DF6E1A2002413CE /* Build configuration list for PBXNativeTarget "GJMDec" */;
			buildPhases = (
				D1DAE7CF1DF6E1A2002413CE /* Sources */,
				D1DAE7D01DF6E1A2002413CE /* Frameworks */,
				D1DAE7D11DF6E1A2002413CE /* Resources */,
			);
			buildRules = (
			);
			dependencies = (
			);
			name = GJMDec;
			productName = GJMDec;
			productReference = D1DAE7D31DF6E1A2002413CE /* GJMDec.app */;
			productType = "com.apple.product-type.application";
		};
/* End PBXNativeTarget section */

/* Begin PBXProject section */
		D1DAE7CB1DF6E1A2002413CE /* Project object */ = {
			isa = PBXProject;
			attributes = {
				LastSwiftUpdateCheck = 0810;
				LastUpgradeCheck = 0810;
				ORGANIZATIONNAME = GG;
				TargetAttributes = {
					D1DAE7D21DF6E1A2002413CE = {
						CreatedOnToolsVersion = 8.1;
						ProvisioningStyle = Automatic;
					};
				};
			};
			buildConfigurationList = D1DAE7CE1DF6E1A2002413CE /* Build configuration list for PBXProject "GJMDec" */;
			compatibilityVersion = "Xcode 3.2";
			developmentRegion = English;
			hasScannedForEncodings = 0;
			knownRegions = (
				en,
				Base,
			);
			mainGroup = D1DAE7CA1DF6E1A2002413CE;
			productRefGroup = D1DAE7D41DF6E1A2002413CE /* Products */;
			projectDirPath = "";
			projectRoot = "";
			targets = (
				D1DAE7D21DF6E1A2002413CE /* GJMDec */,
			);
		};
/* End PBXProject section */

/* Begin PBXResourcesBuildPhase section */
		D1DAE7D11DF6E1A2002413CE /* Resources */ = {
			isa = PBXResourcesBuildPhase;
			buildActionMask = 2147483647;
			files = (
				D1DAE7D91DF6E1A2002413CE /* GameScene.sks in Resources */,
				D1DAE7E11DF6E1A2002413CE /* Assets.xcassets in Resources */,
				D1DAE7DB1DF6E1A2002413CE /* Actions.sks in Resources */,
				D1DAE7E41DF6E1A2002413CE /* Main.storyboard in Resources */,
			);
			runOnlyForDeploymentPostprocessing = 0;
		};
/* End PBXResourcesBuildPhase section */

/* Begin PBXSourcesBuildPhase section */
		D1DAE7CF1DF6E1A2002413CE /* Sources */ = {
			isa = PBXSourcesBuildPhase;
			buildActionMask = 2147483647;
			files = (
				D1DAE7DF1DF6E1A2002413CE /* ViewController.swift in Sources */,
				D1DAE7DD1DF6E1A2002413CE /* GameScene.swift in Sources */,
				D1DAE7D71DF6E1A2002413CE /* AppDelegate.swift in Sources */,
			);
			runOnlyForDeploymentPostprocessing = 0;
		};
/* End PBXSourcesBuildPhase section */

/* Begin PBXVariantGroup section */
		D1DAE7E21DF6E1A2002413CE /* Main.storyboard */ = {
			isa = PBXVariantGroup;
			children = (
				D1DAE7E31DF6E1A2002413CE /* Base */,
			);
			name = Main.storyboard;
			sourceTree = "<group>";
		};
/* End PBXVariantGroup section */

/* Begin XCBuildConfiguration section */
		D1DAE7E61DF6E1A2002413CE /* Debug */ = {
			isa = XCBuildConfiguration;
			buildSettings = {
				ALWAYS_SEARCH_USER_PATHS = NO;
				CLANG_ANALYZER_NONNULL = YES;
				CLANG_CXX_LANGUAGE_STANDARD = "gnu++0x";
				CLANG_CXX_LIBRARY = "libc++";
				CLANG_ENABLE_MODULES = YES;
				CLANG_ENABLE_OBJC_ARC = YES;
				CLANG_WARN_BOOL_CONVERSION = YES;
				CLANG_WARN_CONSTANT_CONVERSION = YES;
				CLANG_WARN_DIRECT_OBJC_ISA_USAGE = YES_ERROR;
				CLANG_WARN_DOCUMENTATION_COMMENTS = YES;
				CLANG_WARN_EMPTY_BODY = YES;
				CLANG_WARN_ENUM_CONVERSION = YES;
				CLANG_WARN_INFINITE_RECURSION = YES;
				CLANG_WARN_INT_CONVERSION = YES;
				CLANG_WARN_OBJC_ROOT_CLASS = YES_ERROR;
				CLANG_WARN_SUSPICIOUS_MOVES = YES;
				CLANG_WARN_UNREACHABLE_CODE = YES;
				CLANG_WARN__DUPLICATE_METHOD_MATCH = YES;
				CODE_SIGN_IDENTITY = "-";
				COPY_PHASE_STRIP = NO;
				DEBUG_INFORMATION_FORMAT = dwarf;
				ENABLE_STRICT_OBJC_MSGSEND = YES;
				ENABLE_TESTABILITY = YES;
				GCC_C_LANGUAGE_STANDARD = gnu99;
				GCC_DYNAMIC_NO_PIC = NO;
				GCC_NO_COMMON_BLOCKS = YES;
				GCC_OPTIMIZATION_LEVEL = 0;
				GCC_PREPROCESSOR_DEFINITIONS = (
					"DEBUG=1",
					"$(inherited)",
				);
				GCC_WARN_64_TO_32_BIT_CONVERSION = YES;
				GCC_WARN_ABOUT_RETURN_TYPE = YES_ERROR;
				GCC_WARN_UNDECLARED_SELECTOR = YES;
				GCC_WARN_UNINITIALIZED_AUTOS = YES_AGGRESSIVE;
				GCC_WARN_UNUSED_FUNCTION = YES;
				GCC_WARN_UNUSED_VARIABLE = YES;
				MACOSX_DEPLOYMENT_TARGET = 10.12;
				MTL_ENABLE_DEBUG_INFO = YES;
				ONLY_ACTIVE_ARCH = YES;
				SDKROOT = macosx;
				SWIFT_ACTIVE_COMPILATION_CONDITIONS = DEBUG;
				SWIFT_OPTIMIZATION_LEVEL = "-Onone";
			};
			name = Debug;
		};
		D1DAE7E71DF6E1A2002413CE /* Release */ = {
			isa = XCBuildConfiguration;
			buildSettings = {
				ALWAYS_SEARCH_USER_PATHS = NO;
				CLANG_ANALYZER_NONNULL = YES;
				CLANG_CXX_LANGUAGE_STANDARD = "gnu++0x";
				CLANG_CXX_LIBRARY = "libc++";
				CLANG_ENABLE_MODULES = YES;
				CLANG_ENABLE_OBJC_ARC = YES;
				CLANG_WARN_BOOL_CONVERSION = YES;
				CLANG_WARN_CONSTANT_CONVERSION = YES;
				CLANG_WARN_DIRECT_OBJC_ISA_USAGE = YES_ERROR;
				CLANG_WARN_DOCUMENTATION_COMMENTS = YES;
				CLANG_WARN_EMPTY_BODY = YES;
				CLANG_WARN_ENUM_CONVERSION = YES;
				CLANG_WARN_INFINITE_RECURSION = YES;
				CLANG_WARN_INT_CONVERSION = YES;
				CLANG_WARN_OBJC_ROOT_CLASS = YES_ERROR;
				CLANG_WARN_SUSPICIOUS_MOVES = YES;
				CLANG_WARN_UNREACHABLE_CODE = YES;
				CLANG_WARN__DUPLICATE_METHOD_MATCH = YES;
				CODE_SIGN_IDENTITY = "-";
				COPY_PHASE_STRIP = NO;
				DEBUG_INFORMATION_FORMAT = "dwarf-with-dsym";
				ENABLE_NS_ASSERTIONS = NO;
				ENABLE_STRICT_OBJC_MSGSEND = YES;
				GCC_C_LANGUAGE_STANDARD = gnu99;
				GCC_NO_COMMON_BLOCKS = YES;
				GCC_WARN_64_TO_32_BIT_CONVERSION = YES;
				GCC_WARN_ABOUT_RETURN_TYPE = YES_ERROR;
				GCC_WARN_UNDECLARED_SELECTOR = YES;
				GCC_WARN_UNINITIALIZED_AUTOS = YES_AGGRESSIVE;
				GCC_WARN_UNUSED_FUNCTION = YES;
				GCC_WARN_UNUSED_VARIABLE = YES;
				MACOSX_DEPLOYMENT_TARGET = 10.12;
				MTL_ENABLE_DEBUG_INFO = NO;
				SDKROOT = macosx;
				SWIFT_OPTIMIZATION_LEVEL = "-Owholemodule";
			};
			name = Release;
		};
		D1DAE7E91DF6E1A2002413CE /* Debug */ = {
			isa = XCBuildConfiguration;
			buildSettings = {
				ASSETCATALOG_COMPILER_APPICON_NAME = AppIcon;
				COMBINE_HIDPI_IMAGES = YES;
				INFOPLIST_FILE = GJMDec/Info.plist;
				LD_RUNPATH_SEARCH_PATHS = "$(inherited) @executable_path/../Frameworks";
				MACOSX_DEPLOYMENT_TARGET = 10.12;
				PRODUCT_BUNDLE_IDENTIFIER = gg.GJMDec;
				PRODUCT_NAME = "$(TARGET_NAME)";
				SWIFT_VERSION = 3.0;
			};
			name = Debug;
		};
		D1DAE7EA1DF6E1A2002413CE /* Release */ = {
			isa = XCBuildConfiguration;
			buildSettings = {
				ASSETCATALOG_COMPILER_APPICON_NAME = AppIcon;
				COMBINE_HIDPI_IMAGES = YES;
				INFOPLIST_FILE = GJMDec/Info.plist;
				LD_RUNPATH_SEARCH_PATHS = "$(inherited) @executable_path/../Frameworks";
				MACOSX_DEPLOYMENT_TARGET = 10.12;
				PRODUCT_BUNDLE_IDENTIFIER = gg.GJMDec;
				PRODUCT_NAME = "$(TARGET_NAME)";
				SWIFT_VERSION = 3.0;
			};
			name = Release;
		};
/* End XCBuildConfiguration section */

/* Begin XCConfigurationList section */
		D1DAE7CE1DF6E1A2002413CE /* Build configuration list for PBXProject "GJMDec" */ = {
			isa = XCConfigurationList;
			buildConfigurations = (
				D1DAE7E61DF6E1A2002413CE /* Debug */,
				D1DAE7E71DF6E1A2002413CE /* Release */,
			);
			defaultConfigurationIsVisible = 0;
			defaultConfigurationName = Release;
		};
		D1DAE7E81DF6E1A2002413CE /* Build configuration list for PBXNativeTarget "GJMDec" */ = {
			isa = XCConfigurationList;
			buildConfigurations = (
				D1DAE7E91DF6E1A2002413CE /* Debug */,
				D1DAE7EA1DF6E1A2002413CE /* Release */,
			);
			defaultConfigurationIsVisible = 0;
		};
/* End XCConfigurationList section */
	};
	rootObject = D1DAE7CB1DF6E1A2002413CE /* Project object */;
}
